// !$*UTF8*$!
{
	archiveVersion = 1;
	classes = {
	};
	objectVersion = 50;
	objects = {

/* Begin PBXBuildFile section */
		3A42635724A669780053A82B /* AppDelegate.swift in Sources */ = {isa = PBXBuildFile; fileRef = 3A42635624A669780053A82B /* AppDelegate.swift */; };
		3A42635924A669780053A82B /* SceneDelegate.swift in Sources */ = {isa = PBXBuildFile; fileRef = 3A42635824A669780053A82B /* SceneDelegate.swift */; };
		3A42635B24A669780053A82B /* ViewController.swift in Sources */ = {isa = PBXBuildFile; fileRef = 3A42635A24A669780053A82B /* ViewController.swift */; };
		3A42635E24A669780053A82B /* Main.storyboard in Resources */ = {isa = PBXBuildFile; fileRef = 3A42635C24A669780053A82B /* Main.storyboard */; };
		3A42636024A6697A0053A82B /* Assets.xcassets in Resources */ = {isa = PBXBuildFile; fileRef = 3A42635F24A6697A0053A82B /* Assets.xcassets */; };
		3A42636324A6697A0053A82B /* LaunchScreen.storyboard in Resources */ = {isa = PBXBuildFile; fileRef = 3A42636124A6697A0053A82B /* LaunchScreen.storyboard */; };
		3A42637324A66F610053A82B /* Constants.swift in Sources */ = {isa = PBXBuildFile; fileRef = 3A42637224A66F610053A82B /* Constants.swift */; };
		3A42637524A66FC70053A82B /* Calculatings.swift in Sources */ = {isa = PBXBuildFile; fileRef = 3A42637424A66FC70053A82B /* Calculatings.swift */; };
		3A42637724A676EB0053A82B /* DravingModel.swift in Sources */ = {isa = PBXBuildFile; fileRef = 3A42637624A676EB0053A82B /* DravingModel.swift */; };
/* End PBXBuildFile section */

/* Begin PBXFileReference section */
		3A42635324A669780053A82B /* Triangle.app */ = {isa = PBXFileReference; explicitFileType = wrapper.application; includeInIndex = 0; path = Triangle.app; sourceTree = BUILT_PRODUCTS_DIR; };
		3A42635624A669780053A82B /* AppDelegate.swift */ = {isa = PBXFileReference; lastKnownFileType = sourcecode.swift; path = AppDelegate.swift; sourceTree = "<group>"; };
		3A42635824A669780053A82B /* SceneDelegate.swift */ = {isa = PBXFileReference; lastKnownFileType = sourcecode.swift; path = SceneDelegate.swift; sourceTree = "<group>"; };
		3A42635A24A669780053A82B /* ViewController.swift */ = {isa = PBXFileReference; lastKnownFileType = sourcecode.swift; path = ViewController.swift; sourceTree = "<group>"; };
		3A42635D24A669780053A82B /* Base */ = {isa = PBXFileReference; lastKnownFileType = file.storyboard; name = Base; path = Base.lproj/Main.storyboard; sourceTree = "<group>"; };
		3A42635F24A6697A0053A82B /* Assets.xcassets */ = {isa = PBXFileReference; lastKnownFileType = folder.assetcatalog; path = Assets.xcassets; sourceTree = "<group>"; };
		3A42636224A6697A0053A82B /* Base */ = {isa = PBXFileReference; lastKnownFileType = file.storyboard; name = Base; path = Base.lproj/LaunchScreen.storyboard; sourceTree = "<group>"; };
		3A42636424A6697A0053A82B /* Info.plist */ = {isa = PBXFileReference; lastKnownFileType = text.plist.xml; path = Info.plist; sourceTree = "<group>"; };
		3A42637224A66F610053A82B /* Constants.swift */ = {isa = PBXFileReference; lastKnownFileType = sourcecode.swift; path = Constants.swift; sourceTree = "<group>"; };
		3A42637424A66FC70053A82B /* Calculatings.swift */ = {isa = PBXFileReference; lastKnownFileType = sourcecode.swift; path = Calculatings.swift; sourceTree = "<group>"; };
		3A42637624A676EB0053A82B /* DravingModel.swift */ = {isa = PBXFileReference; lastKnownFileType = sourcecode.swift; path = DravingModel.swift; sourceTree = "<group>"; };
/* End PBXFileReference section */

/* Begin PBXFrameworksBuildPhase section */
		3A42635024A669780053A82B /* Frameworks */ = {
			isa = PBXFrameworksBuildPhase;
			buildActionMask = 2147483647;
			files = (
			);
			runOnlyForDeploymentPostprocessing = 0;
		};
/* End PBXFrameworksBuildPhase section */

/* Begin PBXGroup section */
		3A42634A24A669780053A82B = {
			isa = PBXGroup;
			children = (
				3A42635524A669780053A82B /* Triangle */,
				3A42635424A669780053A82B /* Products */,
			);
			sourceTree = "<group>";
		};
		3A42635424A669780053A82B /* Products */ = {
			isa = PBXGroup;
			children = (
				3A42635324A669780053A82B /* Triangle.app */,
			);
			name = Products;
			sourceTree = "<group>";
		};
		3A42635524A669780053A82B /* Triangle */ = {
			isa = PBXGroup;
			children = (
				3A42636A24A669E50053A82B /* Common */,
				3A42636E24A66A220053A82B /* TrianleFolder */,
				3A42635F24A6697A0053A82B /* Assets.xcassets */,
				3A42636424A6697A0053A82B /* Info.plist */,
			);
			path = Triangle;
			sourceTree = "<group>";
		};
		3A42636A24A669E50053A82B /* Common */ = {
			isa = PBXGroup;
			children = (
				3A42636D24A66A0A0053A82B /* Model */,
				3A42636C24A66A040053A82B /* View */,
				3A42636B24A669F80053A82B /* Controller */,
			);
			path = Common;
			sourceTree = "<group>";
		};
		3A42636B24A669F80053A82B /* Controller */ = {
			isa = PBXGroup;
			children = (
				3A42635624A669780053A82B /* AppDelegate.swift */,
				3A42635824A669780053A82B /* SceneDelegate.swift */,
			);
			path = Controller;
			sourceTree = "<group>";
		};
		3A42636C24A66A040053A82B /* View */ = {
			isa = PBXGroup;
			children = (
				3A42636124A6697A0053A82B /* LaunchScreen.storyboard */,
			);
			path = View;
			sourceTree = "<group>";
		};
		3A42636D24A66A0A0053A82B /* Model */ = {
			isa = PBXGroup;
			children = (
			);
			path = Model;
			sourceTree = "<group>";
		};
		3A42636E24A66A220053A82B /* TrianleFolder */ = {
			isa = PBXGroup;
			children = (
				3A42637124A66A430053A82B /* Model */,
				3A42637024A66A390053A82B /* View */,
				3A42636F24A66A310053A82B /* Controller */,
			);
			path = TrianleFolder;
			sourceTree = "<group>";
		};
		3A42636F24A66A310053A82B /* Controller */ = {
			isa = PBXGroup;
			children = (
				3A42635A24A669780053A82B /* ViewController.swift */,
			);
			path = Controller;
			sourceTree = "<group>";
		};
		3A42637024A66A390053A82B /* View */ = {
			isa = PBXGroup;
			children = (
				3A42635C24A669780053A82B /* Main.storyboard */,
			);
			path = View;
			sourceTree = "<group>";
		};
		3A42637124A66A430053A82B /* Model */ = {
			isa = PBXGroup;
			children = (
				3A42637224A66F610053A82B /* Constants.swift */,
				3A42637424A66FC70053A82B /* Calculatings.swift */,
				3A42637624A676EB0053A82B /* DravingModel.swift */,
			);
			path = Model;
			sourceTree = "<group>";
		};
/* End PBXGroup section */

/* Begin PBXNativeTarget section */
		3A42635224A669780053A82B /* Triangle */ = {
			isa = PBXNativeTarget;
			buildConfigurationList = 3A42636724A6697A0053A82B /* Build configuration list for PBXNativeTarget "Triangle" */;
			buildPhases = (
				3A42634F24A669780053A82B /* Sources */,
				3A42635024A669780053A82B /* Frameworks */,
				3A42635124A669780053A82B /* Resources */,
			);
			buildRules = (
			);
			dependencies = (
			);
			name = Triangle;
			productName = Triangle;
			productReference = 3A42635324A669780053A82B /* Triangle.app */;
			productType = "com.apple.product-type.application";
		};
/* End PBXNativeTarget section */

/* Begin PBXProject section */
		3A42634B24A669780053A82B /* Project object */ = {
			isa = PBXProject;
			attributes = {
				LastSwiftUpdateCheck = 1150;
				LastUpgradeCheck = 1150;
				ORGANIZATIONNAME = "Сергей Цыганков";
				TargetAttributes = {
					3A42635224A669780053A82B = {
						CreatedOnToolsVersion = 11.5;
					};
				};
			};
			buildConfigurationList = 3A42634E24A669780053A82B /* Build configuration list for PBXProject "Triangle" */;
			compatibilityVersion = "Xcode 9.3";
			developmentRegion = en;
			hasScannedForEncodings = 0;
			knownRegions = (
				en,
				Base,
			);
			mainGroup = 3A42634A24A669780053A82B;
			productRefGroup = 3A42635424A669780053A82B /* Products */;
			projectDirPath = "";
			projectRoot = "";
			targets = (
				3A42635224A669780053A82B /* Triangle */,
			);
		};
/* End PBXProject section */

/* Begin PBXResourcesBuildPhase section */
		3A42635124A669780053A82B /* Resources */ = {
			isa = PBXResourcesBuildPhase;
			buildActionMask = 2147483647;
			files = (
				3A42636324A6697A0053A82B /* LaunchScreen.storyboard in Resources */,
				3A42636024A6697A0053A82B /* Assets.xcassets in Resources */,
				3A42635E24A669780053A82B /* Main.storyboard in Resources */,
			);
			runOnlyForDeploymentPostprocessing = 0;
		};
/* End PBXResourcesBuildPhase section */

/* Begin PBXSourcesBuildPhase section */
		3A42634F24A669780053A82B /* Sources */ = {
			isa = PBXSourcesBuildPhase;
			buildActionMask = 2147483647;
			files = (
				3A42635B24A669780053A82B /* ViewController.swift in Sources */,
				3A42637724A676EB0053A82B /* DravingModel.swift in Sources */,
				3A42637524A66FC70053A82B /* Calculatings.swift in Sources */,
				3A42635724A669780053A82B /* AppDelegate.swift in Sources */,
				3A42635924A669780053A82B /* SceneDelegate.swift in Sources */,
				3A42637324A66F610053A82B /* Constants.swift in Sources */,
			);
			runOnlyForDeploymentPostprocessing = 0;
		};
/* End PBXSourcesBuildPhase section */

/* Begin PBXVariantGroup section */
		3A42635C24A669780053A82B /* Main.storyboard */ = {
			isa = PBXVariantGroup;
			children = (
				3A42635D24A669780053A82B /* Base */,
			);
			name = Main.storyboard;
			sourceTree = "<group>";
		};
		3A42636124A6697A0053A82B /* LaunchScreen.storyboard */ = {
			isa = PBXVariantGroup;
			children = (
				3A42636224A6697A0053A82B /* Base */,
			);
			name = LaunchScreen.storyboard;
			sourceTree = "<group>";
		};
/* End PBXVariantGroup section */

/* Begin XCBuildConfiguration section */
		3A42636524A6697A0053A82B /* Debug */ = {
			isa = XCBuildConfiguration;
			buildSettings = {
				ALWAYS_SEARCH_USER_PATHS = NO;
				CLANG_ANALYZER_NONNULL = YES;
				CLANG_ANALYZER_NUMBER_OBJECT_CONVERSION = YES_AGGRESSIVE;
				CLANG_CXX_LANGUAGE_STANDARD = "gnu++14";
				CLANG_CXX_LIBRARY = "libc++";
				CLANG_ENABLE_MODULES = YES;
				CLANG_ENABLE_OBJC_ARC = YES;
				CLANG_ENABLE_OBJC_WEAK = YES;
				CLANG_WARN_BLOCK_CAPTURE_AUTORELEASING = YES;
				CLANG_WARN_BOOL_CONVERSION = YES;
				CLANG_WARN_COMMA = YES;
				CLANG_WARN_CONSTANT_CONVERSION = YES;
				CLANG_WARN_DEPRECATED_OBJC_IMPLEMENTATIONS = YES;
				CLANG_WARN_DIRECT_OBJC_ISA_USAGE = YES_ERROR;
				CLANG_WARN_DOCUMENTATION_COMMENTS = YES;
				CLANG_WARN_EMPTY_BODY = YES;
				CLANG_WARN_ENUM_CONVERSION = YES;
				CLANG_WARN_INFINITE_RECURSION = YES;
				CLANG_WARN_INT_CONVERSION = YES;
				CLANG_WARN_NON_LITERAL_NULL_CONVERSION = YES;
				CLANG_WARN_OBJC_IMPLICIT_RETAIN_SELF = YES;
				CLANG_WARN_OBJC_LITERAL_CONVERSION = YES;
				CLANG_WARN_OBJC_ROOT_CLASS = YES_ERROR;
				CLANG_WARN_RANGE_LOOP_ANALYSIS = YES;
				CLANG_WARN_STRICT_PROTOTYPES = YES;
				CLANG_WARN_SUSPICIOUS_MOVE = YES;
				CLANG_WARN_UNGUARDED_AVAILABILITY = YES_AGGRESSIVE;
				CLANG_WARN_UNREACHABLE_CODE = YES;
				CLANG_WARN__DUPLICATE_METHOD_MATCH = YES;
				COPY_PHASE_STRIP = NO;
				DEBUG_INFORMATION_FORMAT = dwarf;
				ENABLE_STRICT_OBJC_MSGSEND = YES;
				ENABLE_TESTABILITY = YES;
				GCC_C_LANGUAGE_STANDARD = gnu11;
				GCC_DYNAMIC_NO_PIC = NO;
				GCC_NO_COMMON_BLOCKS = YES;
				GCC_OPTIMIZATION_LEVEL = 0;
				GCC_PREPROCESSOR_DEFINITIONS = (
					"DEBUG=1",
					"$(inherited)",
				);
				GCC_WARN_64_TO_32_BIT_CONVERSION = YES;
				GCC_WARN_ABOUT_RETURN_TYPE = YES_ERROR;
				GCC_WARN_UNDECLARED_SELECTOR = YES;
				GCC_WARN_UNINITIALIZED_AUTOS = YES_AGGRESSIVE;
				GCC_WARN_UNUSED_FUNCTION = YES;
				GCC_WARN_UNUSED_VARIABLE = YES;
				IPHONEOS_DEPLOYMENT_TARGET = 13.5;
				MTL_ENABLE_DEBUG_INFO = INCLUDE_SOURCE;
				MTL_FAST_MATH = YES;
				ONLY_ACTIVE_ARCH = YES;
				SDKROOT = iphoneos;
				SWIFT_ACTIVE_COMPILATION_CONDITIONS = DEBUG;
				SWIFT_OPTIMIZATION_LEVEL = "-Onone";
			};
			name = Debug;
		};
		3A42636624A6697A0053A82B /* Release */ = {
			isa = XCBuildConfiguration;
			buildSettings = {
				ALWAYS_SEARCH_USER_PATHS = NO;
				CLANG_ANALYZER_NONNULL = YES;
				CLANG_ANALYZER_NUMBER_OBJECT_CONVERSION = YES_AGGRESSIVE;
				CLANG_CXX_LANGUAGE_STANDARD = "gnu++14";
				CLANG_CXX_LIBRARY = "libc++";
				CLANG_ENABLE_MODULES = YES;
				CLANG_ENABLE_OBJC_ARC = YES;
				CLANG_ENABLE_OBJC_WEAK = YES;
				CLANG_WARN_BLOCK_CAPTURE_AUTORELEASING = YES;
				CLANG_WARN_BOOL_CONVERSION = YES;
				CLANG_WARN_COMMA = YES;
				CLANG_WARN_CONSTANT_CONVERSION = YES;
				CLANG_WARN_DEPRECATED_OBJC_IMPLEMENTATIONS = YES;
				CLANG_WARN_DIRECT_OBJC_ISA_USAGE = YES_ERROR;
				CLANG_WARN_DOCUMENTATION_COMMENTS = YES;
				CLANG_WARN_EMPTY_BODY = YES;
				CLANG_WARN_ENUM_CONVERSION = YES;
				CLANG_WARN_INFINITE_RECURSION = YES;
				CLANG_WARN_INT_CONVERSION = YES;
				CLANG_WARN_NON_LITERAL_NULL_CONVERSION = YES;
				CLANG_WARN_OBJC_IMPLICIT_RETAIN_SELF = YES;
				CLANG_WARN_OBJC_LITERAL_CONVERSION = YES;
				CLANG_WARN_OBJC_ROOT_CLASS = YES_ERROR;
				CLANG_WARN_RANGE_LOOP_ANALYSIS = YES;
				CLANG_WARN_STRICT_PROTOTYPES = YES;
				CLANG_WARN_SUSPICIOUS_MOVE = YES;
				CLANG_WARN_UNGUARDED_AVAILABILITY = YES_AGGRESSIVE;
				CLANG_WARN_UNREACHABLE_CODE = YES;
				CLANG_WARN__DUPLICATE_METHOD_MATCH = YES;
				COPY_PHASE_STRIP = NO;
				DEBUG_INFORMATION_FORMAT = "dwarf-with-dsym";
				ENABLE_NS_ASSERTIONS = NO;
				ENABLE_STRICT_OBJC_MSGSEND = YES;
				GCC_C_LANGUAGE_STANDARD = gnu11;
				GCC_NO_COMMON_BLOCKS = YES;
				GCC_WARN_64_TO_32_BIT_CONVERSION = YES;
				GCC_WARN_ABOUT_RETURN_TYPE = YES_ERROR;
				GCC_WARN_UNDECLARED_SELECTOR = YES;
				GCC_WARN_UNINITIALIZED_AUTOS = YES_AGGRESSIVE;
				GCC_WARN_UNUSED_FUNCTION = YES;
				GCC_WARN_UNUSED_VARIABLE = YES;
				IPHONEOS_DEPLOYMENT_TARGET = 13.5;
				MTL_ENABLE_DEBUG_INFO = NO;
				MTL_FAST_MATH = YES;
				SDKROOT = iphoneos;
				SWIFT_COMPILATION_MODE = wholemodule;
				SWIFT_OPTIMIZATION_LEVEL = "-O";
				VALIDATE_PRODUCT = YES;
			};
			name = Release;
		};
		3A42636824A6697A0053A82B /* Debug */ = {
			isa = XCBuildConfiguration;
			buildSettings = {
				ASSETCATALOG_COMPILER_APPICON_NAME = AppIcon;
				CODE_SIGN_STYLE = Automatic;
				DEVELOPMENT_TEAM = JXML6575PM;
				INFOPLIST_FILE = Triangle/Info.plist;
				LD_RUNPATH_SEARCH_PATHS = (
					"$(inherited)",
					"@executable_path/Frameworks",
				);
				PRODUCT_BUNDLE_IDENTIFIER = squirrelLand.Triangle;
				PRODUCT_NAME = "$(TARGET_NAME)";
				SWIFT_VERSION = 5.0;
				TARGETED_DEVICE_FAMILY = "1,2";
			};
			name = Debug;
		};
		3A42636924A6697A0053A82B /* Release */ = {
			isa = XCBuildConfiguration;
			buildSettings = {
				ASSETCATALOG_COMPILER_APPICON_NAME = AppIcon;
				CODE_SIGN_STYLE = Automatic;
				DEVELOPMENT_TEAM = JXML6575PM;
				INFOPLIST_FILE = Triangle/Info.plist;
				LD_RUNPATH_SEARCH_PATHS = (
					"$(inherited)",
					"@executable_path/Frameworks",
				);
				PRODUCT_BUNDLE_IDENTIFIER = squirrelLand.Triangle;
				PRODUCT_NAME = "$(TARGET_NAME)";
				SWIFT_VERSION = 5.0;
				TARGETED_DEVICE_FAMILY = "1,2";
			};
			name = Release;
		};
/* End XCBuildConfiguration section */

/* Begin XCConfigurationList section */
		3A42634E24A669780053A82B /* Build configuration list for PBXProject "Triangle" */ = {
			isa = XCConfigurationList;
			buildConfigurations = (
				3A42636524A6697A0053A82B /* Debug */,
				3A42636624A6697A0053A82B /* Release */,
			);
			defaultConfigurationIsVisible = 0;
			defaultConfigurationName = Release;
		};
		3A42636724A6697A0053A82B /* Build configuration list for PBXNativeTarget "Triangle" */ = {
			isa = XCConfigurationList;
			buildConfigurations = (
				3A42636824A6697A0053A82B /* Debug */,
				3A42636924A6697A0053A82B /* Release */,
			);
			defaultConfigurationIsVisible = 0;
			defaultConfigurationName = Release;
		};
/* End XCConfigurationList section */
	};
	rootObject = 3A42634B24A669780053A82B /* Project object */;
}
